
Microsoft Visual Studio Solution File, Format Version 12.00
# Visual Studio Version 17
VisualStudioVersion = 17.4.33213.308
MinimumVisualStudioVersion = 10.0.40219.1
Project("{FAE04EC0-301F-11D3-BF4B-00C04F79EFBC}") = "DBN.Samples.Angular.Ping", "DBN.Samples.Angular.Ping\DBN.Samples.Angular.Ping.csproj", "{26363662-2A9B-4AA7-B49D-F48EA70CAE8E}"
EndProject
Global
	GlobalSection(SolutionConfigurationPlatforms) = preSolution
		Debug|Any CPU = Debug|Any CPU
		Release|Any CPU = Release|Any CPU
	EndGlobalSection
	GlobalSection(ProjectConfigurationPlatforms) = postSolution
		{26363662-2A9B-4AA7-B49D-F48EA70CAE8E}.Debug|Any CPU.ActiveCfg = Debug|Any CPU
		{26363662-2A9B-4AA7-B49D-F48EA70CAE8E}.Debug|Any CPU.Build.0 = Debug|Any CPU
		{26363662-2A9B-4AA7-B49D-F48EA70CAE8E}.Release|Any CPU.ActiveCfg = Release|Any CPU
		{26363662-2A9B-4AA7-B49D-F48EA70CAE8E}.Release|Any CPU.Build.0 = Release|Any CPU
	EndGlobalSection
	GlobalSection(SolutionProperties) = preSolution
		HideSolutionNode = FALSE
	EndGlobalSection
	GlobalSection(ExtensibilityGlobals) = postSolution
		SolutionGuid = {99C78997-BCAB-4FEC-83BA-CE7083C375F9}
	EndGlobalSection
EndGlobal
